
Microsoft Visual Studio Solution File, Format Version 12.00
# Visual Studio Version 17
VisualStudioVersion = 17.8.34330.188
MinimumVisualStudioVersion = 10.0.40219.1
Project("{9A19103F-16F7-4668-BE54-9A1E7A4F7556}") = "MyFirstBoplPlugin", "MyFirstBoplPlugin.csproj", "{B3F555D3-15BB-45A2-95A6-6403894F7009}"
EndProject
Global
	GlobalSection(SolutionConfigurationPlatforms) = preSolution
		Debug|Any CPU = Debug|Any CPU
		Release|Any CPU = Release|Any CPU
	EndGlobalSection
	GlobalSection(ProjectConfigurationPlatforms) = postSolution
		{B3F555D3-15BB-45A2-95A6-6403894F7009}.Debug|Any CPU.ActiveCfg = Debug|Any CPU
		{B3F555D3-15BB-45A2-95A6-6403894F7009}.Debug|Any CPU.Build.0 = Debug|Any CPU
		{B3F555D3-15BB-45A2-95A6-6403894F7009}.Release|Any CPU.ActiveCfg = Release|Any CPU
		{B3F555D3-15BB-45A2-95A6-6403894F7009}.Release|Any CPU.Build.0 = Release|Any CPU
	EndGlobalSection
	GlobalSection(SolutionProperties) = preSolution
		HideSolutionNode = FALSE
	EndGlobalSection
	GlobalSection(ExtensibilityGlobals) = postSolution
		SolutionGuid = {E18E7151-B110-4AF2-9432-E16095929B46}
	EndGlobalSection
EndGlobal
